// !$*UTF8*$!
{
	archiveVersion = 1;
	classes = {
	};
	objectVersion = 56;
	objects = {

/* Begin PBXBuildFile section */
		A98EA9DA2BD94A9F000086A3 /* AppDelegate.swift in Sources */ = {isa = PBXBuildFile; fileRef = A98EA9D92BD94A9F000086A3 /* AppDelegate.swift */; };
		A98EA9DC2BD94A9F000086A3 /* SceneDelegate.swift in Sources */ = {isa = PBXBuildFile; fileRef = A98EA9DB2BD94A9F000086A3 /* SceneDelegate.swift */; };
		A98EA9E12BD94A9F000086A3 /* Base in Resources */ = {isa = PBXBuildFile; fileRef = A98EA9E02BD94A9F000086A3 /* Base */; };
		A98EA9E32BD94AA0000086A3 /* Assets.xcassets in Resources */ = {isa = PBXBuildFile; fileRef = A98EA9E22BD94AA0000086A3 /* Assets.xcassets */; };
		A98EA9E62BD94AA0000086A3 /* Base in Resources */ = {isa = PBXBuildFile; fileRef = A98EA9E52BD94AA0000086A3 /* Base */; };
		A98EA9EE2BDA9AAB000086A3 /* DogViewController.swift in Sources */ = {isa = PBXBuildFile; fileRef = A98EA9ED2BDA9AAB000086A3 /* DogViewController.swift */; };
		A98EA9F02BDA9AC2000086A3 /* RepsTableViewController.swift in Sources */ = {isa = PBXBuildFile; fileRef = A98EA9EF2BDA9AC2000086A3 /* RepsTableViewController.swift */; };
		A98EA9F62BDA9B73000086A3 /* NobelTableViewController.swift in Sources */ = {isa = PBXBuildFile; fileRef = A98EA9F52BDA9B73000086A3 /* NobelTableViewController.swift */; };
		A98EA9F92BDAA33F000086A3 /* Dog.swift in Sources */ = {isa = PBXBuildFile; fileRef = A98EA9F82BDAA33F000086A3 /* Dog.swift */; };
		A98EA9FB2BDAA506000086A3 /* DogController.swift in Sources */ = {isa = PBXBuildFile; fileRef = A98EA9FA2BDAA506000086A3 /* DogController.swift */; };
		A98EA9FD2BDC0FDC000086A3 /* Rep.swift in Sources */ = {isa = PBXBuildFile; fileRef = A98EA9FC2BDC0FDC000086A3 /* Rep.swift */; };
		A98EA9FF2BDC0FF2000086A3 /* RepController.swift in Sources */ = {isa = PBXBuildFile; fileRef = A98EA9FE2BDC0FF2000086A3 /* RepController.swift */; };
		A98EAA012BDFDE5B000086A3 /* RepTableViewCell.swift in Sources */ = {isa = PBXBuildFile; fileRef = A98EAA002BDFDE5B000086A3 /* RepTableViewCell.swift */; };
		A98EAA032BDFF8FC000086A3 /* CategoryTableViewCell.swift in Sources */ = {isa = PBXBuildFile; fileRef = A98EAA022BDFF8FC000086A3 /* CategoryTableViewCell.swift */; };
		A98EAA052BDFF929000086A3 /* LaureateTableViewCell.swift in Sources */ = {isa = PBXBuildFile; fileRef = A98EAA042BDFF929000086A3 /* LaureateTableViewCell.swift */; };
		A98EAA072BE02664000086A3 /* Laureate.swift in Sources */ = {isa = PBXBuildFile; fileRef = A98EAA062BE02664000086A3 /* Laureate.swift */; };
		A98EAA092BE03596000086A3 /* LaureateController.swift in Sources */ = {isa = PBXBuildFile; fileRef = A98EAA082BE03596000086A3 /* LaureateController.swift */; };
/* End PBXBuildFile section */

/* Begin PBXFileReference section */
		A98EA9D62BD94A9F000086A3 /* APIProject.app */ = {isa = PBXFileReference; explicitFileType = wrapper.application; includeInIndex = 0; path = APIProject.app; sourceTree = BUILT_PRODUCTS_DIR; };
		A98EA9D92BD94A9F000086A3 /* AppDelegate.swift */ = {isa = PBXFileReference; lastKnownFileType = sourcecode.swift; path = AppDelegate.swift; sourceTree = "<group>"; };
		A98EA9DB2BD94A9F000086A3 /* SceneDelegate.swift */ = {isa = PBXFileReference; lastKnownFileType = sourcecode.swift; path = SceneDelegate.swift; sourceTree = "<group>"; };
		A98EA9E02BD94A9F000086A3 /* Base */ = {isa = PBXFileReference; lastKnownFileType = file.storyboard; name = Base; path = Base.lproj/Main.storyboard; sourceTree = "<group>"; };
		A98EA9E22BD94AA0000086A3 /* Assets.xcassets */ = {isa = PBXFileReference; lastKnownFileType = folder.assetcatalog; path = Assets.xcassets; sourceTree = "<group>"; };
		A98EA9E52BD94AA0000086A3 /* Base */ = {isa = PBXFileReference; lastKnownFileType = file.storyboard; name = Base; path = Base.lproj/LaunchScreen.storyboard; sourceTree = "<group>"; };
		A98EA9E72BD94AA0000086A3 /* Info.plist */ = {isa = PBXFileReference; lastKnownFileType = text.plist.xml; path = Info.plist; sourceTree = "<group>"; };
		A98EA9ED2BDA9AAB000086A3 /* DogViewController.swift */ = {isa = PBXFileReference; lastKnownFileType = sourcecode.swift; path = DogViewController.swift; sourceTree = "<group>"; };
		A98EA9EF2BDA9AC2000086A3 /* RepsTableViewController.swift */ = {isa = PBXFileReference; lastKnownFileType = sourcecode.swift; path = RepsTableViewController.swift; sourceTree = "<group>"; };
		A98EA9F52BDA9B73000086A3 /* NobelTableViewController.swift */ = {isa = PBXFileReference; lastKnownFileType = sourcecode.swift; name = NobelTableViewController.swift; path = "APIProject/View Controllers/NobelTableViewController.swift"; sourceTree = SOURCE_ROOT; };
		A98EA9F82BDAA33F000086A3 /* Dog.swift */ = {isa = PBXFileReference; lastKnownFileType = sourcecode.swift; path = Dog.swift; sourceTree = "<group>"; };
		A98EA9FA2BDAA506000086A3 /* DogController.swift */ = {isa = PBXFileReference; lastKnownFileType = sourcecode.swift; path = DogController.swift; sourceTree = "<group>"; };
		A98EA9FC2BDC0FDC000086A3 /* Rep.swift */ = {isa = PBXFileReference; lastKnownFileType = sourcecode.swift; path = Rep.swift; sourceTree = "<group>"; };
		A98EA9FE2BDC0FF2000086A3 /* RepController.swift */ = {isa = PBXFileReference; lastKnownFileType = sourcecode.swift; path = RepController.swift; sourceTree = "<group>"; };
		A98EAA002BDFDE5B000086A3 /* RepTableViewCell.swift */ = {isa = PBXFileReference; lastKnownFileType = sourcecode.swift; path = RepTableViewCell.swift; sourceTree = "<group>"; };
		A98EAA022BDFF8FC000086A3 /* CategoryTableViewCell.swift */ = {isa = PBXFileReference; lastKnownFileType = sourcecode.swift; path = CategoryTableViewCell.swift; sourceTree = "<group>"; };
		A98EAA042BDFF929000086A3 /* LaureateTableViewCell.swift */ = {isa = PBXFileReference; lastKnownFileType = sourcecode.swift; path = LaureateTableViewCell.swift; sourceTree = "<group>"; };
		A98EAA062BE02664000086A3 /* Laureate.swift */ = {isa = PBXFileReference; lastKnownFileType = sourcecode.swift; path = Laureate.swift; sourceTree = "<group>"; };
		A98EAA082BE03596000086A3 /* LaureateController.swift */ = {isa = PBXFileReference; lastKnownFileType = sourcecode.swift; path = LaureateController.swift; sourceTree = "<group>"; };
/* End PBXFileReference section */

/* Begin PBXFrameworksBuildPhase section */
		A98EA9D32BD94A9F000086A3 /* Frameworks */ = {
			isa = PBXFrameworksBuildPhase;
			buildActionMask = 2147483647;
			files = (
			);
			runOnlyForDeploymentPostprocessing = 0;
		};
/* End PBXFrameworksBuildPhase section */

/* Begin PBXGroup section */
		A98EA9CD2BD94A9F000086A3 = {
			isa = PBXGroup;
			children = (
				A98EA9D82BD94A9F000086A3 /* APIProject */,
				A98EA9D72BD94A9F000086A3 /* Products */,
			);
			sourceTree = "<group>";
		};
		A98EA9D72BD94A9F000086A3 /* Products */ = {
			isa = PBXGroup;
			children = (
				A98EA9D62BD94A9F000086A3 /* APIProject.app */,
			);
			name = Products;
			sourceTree = "<group>";
		};
		A98EA9D82BD94A9F000086A3 /* APIProject */ = {
			isa = PBXGroup;
			children = (
				A98EA9D92BD94A9F000086A3 /* AppDelegate.swift */,
				A98EA9DB2BD94A9F000086A3 /* SceneDelegate.swift */,
				A98EA9F72BDAA326000086A3 /* Model */,
				A98EA9F32BDA9AD9000086A3 /* View Controllers */,
				A98EA9F42BDA9AF4000086A3 /* Views */,
				A98EA9E22BD94AA0000086A3 /* Assets.xcassets */,
				A98EA9E72BD94AA0000086A3 /* Info.plist */,
			);
			path = APIProject;
			sourceTree = "<group>";
		};
		A98EA9F32BDA9AD9000086A3 /* View Controllers */ = {
			isa = PBXGroup;
			children = (
				A98EAA022BDFF8FC000086A3 /* CategoryTableViewCell.swift */,
				A98EA9ED2BDA9AAB000086A3 /* DogViewController.swift */,
				A98EAA042BDFF929000086A3 /* LaureateTableViewCell.swift */,
				A98EA9F52BDA9B73000086A3 /* NobelTableViewController.swift */,
				A98EA9EF2BDA9AC2000086A3 /* RepsTableViewController.swift */,
				A98EAA002BDFDE5B000086A3 /* RepTableViewCell.swift */,
			);
			path = "View Controllers";
			sourceTree = "<group>";
		};
		A98EA9F42BDA9AF4000086A3 /* Views */ = {
			isa = PBXGroup;
			children = (
				A98EA9DF2BD94A9F000086A3 /* Main.storyboard */,
				A98EA9E42BD94AA0000086A3 /* LaunchScreen.storyboard */,
			);
			path = Views;
			sourceTree = "<group>";
		};
		A98EA9F72BDAA326000086A3 /* Model */ = {
			isa = PBXGroup;
			children = (
				A98EA9F82BDAA33F000086A3 /* Dog.swift */,
				A98EA9FA2BDAA506000086A3 /* DogController.swift */,
				A98EAA062BE02664000086A3 /* Laureate.swift */,
				A98EAA082BE03596000086A3 /* LaureateController.swift */,
				A98EA9FC2BDC0FDC000086A3 /* Rep.swift */,
				A98EA9FE2BDC0FF2000086A3 /* RepController.swift */,
			);
			path = Model;
			sourceTree = "<group>";
		};
/* End PBXGroup section */

/* Begin PBXNativeTarget section */
		A98EA9D52BD94A9F000086A3 /* APIProject */ = {
			isa = PBXNativeTarget;
			buildConfigurationList = A98EA9EA2BD94AA0000086A3 /* Build configuration list for PBXNativeTarget "APIProject" */;
			buildPhases = (
				A98EA9D22BD94A9F000086A3 /* Sources */,
				A98EA9D32BD94A9F000086A3 /* Frameworks */,
				A98EA9D42BD94A9F000086A3 /* Resources */,
			);
			buildRules = (
			);
			dependencies = (
			);
			name = APIProject;
			productName = APIProject;
			productReference = A98EA9D62BD94A9F000086A3 /* APIProject.app */;
			productType = "com.apple.product-type.application";
		};
/* End PBXNativeTarget section */

/* Begin PBXProject section */
		A98EA9CE2BD94A9F000086A3 /* Project object */ = {
			isa = PBXProject;
			attributes = {
				BuildIndependentTargetsInParallel = 1;
				LastSwiftUpdateCheck = 1530;
				LastUpgradeCheck = 1530;
				TargetAttributes = {
					A98EA9D52BD94A9F000086A3 = {
						CreatedOnToolsVersion = 15.3;
					};
				};
			};
			buildConfigurationList = A98EA9D12BD94A9F000086A3 /* Build configuration list for PBXProject "APIProject" */;
			compatibilityVersion = "Xcode 14.0";
			developmentRegion = en;
			hasScannedForEncodings = 0;
			knownRegions = (
				en,
				Base,
			);
			mainGroup = A98EA9CD2BD94A9F000086A3;
			productRefGroup = A98EA9D72BD94A9F000086A3 /* Products */;
			projectDirPath = "";
			projectRoot = "";
			targets = (
				A98EA9D52BD94A9F000086A3 /* APIProject */,
			);
		};
/* End PBXProject section */

/* Begin PBXResourcesBuildPhase section */
		A98EA9D42BD94A9F000086A3 /* Resources */ = {
			isa = PBXResourcesBuildPhase;
			buildActionMask = 2147483647;
			files = (
				A98EA9E32BD94AA0000086A3 /* Assets.xcassets in Resources */,
				A98EA9E62BD94AA0000086A3 /* Base in Resources */,
				A98EA9E12BD94A9F000086A3 /* Base in Resources */,
			);
			runOnlyForDeploymentPostprocessing = 0;
		};
/* End PBXResourcesBuildPhase section */

/* Begin PBXSourcesBuildPhase section */
		A98EA9D22BD94A9F000086A3 /* Sources */ = {
			isa = PBXSourcesBuildPhase;
			buildActionMask = 2147483647;
			files = (
				A98EAA072BE02664000086A3 /* Laureate.swift in Sources */,
				A98EA9DA2BD94A9F000086A3 /* AppDelegate.swift in Sources */,
				A98EAA012BDFDE5B000086A3 /* RepTableViewCell.swift in Sources */,
				A98EA9F02BDA9AC2000086A3 /* RepsTableViewController.swift in Sources */,
				A98EAA092BE03596000086A3 /* LaureateController.swift in Sources */,
				A98EA9FB2BDAA506000086A3 /* DogController.swift in Sources */,
				A98EA9FD2BDC0FDC000086A3 /* Rep.swift in Sources */,
				A98EA9F92BDAA33F000086A3 /* Dog.swift in Sources */,
				A98EAA052BDFF929000086A3 /* LaureateTableViewCell.swift in Sources */,
				A98EA9DC2BD94A9F000086A3 /* SceneDelegate.swift in Sources */,
				A98EAA032BDFF8FC000086A3 /* CategoryTableViewCell.swift in Sources */,
				A98EA9F62BDA9B73000086A3 /* NobelTableViewController.swift in Sources */,
				A98EA9FF2BDC0FF2000086A3 /* RepController.swift in Sources */,
				A98EA9EE2BDA9AAB000086A3 /* DogViewController.swift in Sources */,
			);
			runOnlyForDeploymentPostprocessing = 0;
		};
/* End PBXSourcesBuildPhase section */

/* Begin PBXVariantGroup section */
		A98EA9DF2BD94A9F000086A3 /* Main.storyboard */ = {
			isa = PBXVariantGroup;
			children = (
				A98EA9E02BD94A9F000086A3 /* Base */,
			);
			name = Main.storyboard;
			sourceTree = "<group>";
		};
		A98EA9E42BD94AA0000086A3 /* LaunchScreen.storyboard */ = {
			isa = PBXVariantGroup;
			children = (
				A98EA9E52BD94AA0000086A3 /* Base */,
			);
			name = LaunchScreen.storyboard;
			sourceTree = "<group>";
		};
/* End PBXVariantGroup section */

/* Begin XCBuildConfiguration section */
		A98EA9E82BD94AA0000086A3 /* Debug */ = {
			isa = XCBuildConfiguration;
			buildSettings = {
				ALWAYS_SEARCH_USER_PATHS = NO;
				ASSETCATALOG_COMPILER_GENERATE_SWIFT_ASSET_SYMBOL_EXTENSIONS = YES;
				CLANG_ANALYZER_NONNULL = YES;
				CLANG_ANALYZER_NUMBER_OBJECT_CONVERSION = YES_AGGRESSIVE;
				CLANG_CXX_LANGUAGE_STANDARD = "gnu++20";
				CLANG_ENABLE_MODULES = YES;
				CLANG_ENABLE_OBJC_ARC = YES;
				CLANG_ENABLE_OBJC_WEAK = YES;
				CLANG_WARN_BLOCK_CAPTURE_AUTORELEASING = YES;
				CLANG_WARN_BOOL_CONVERSION = YES;
				CLANG_WARN_COMMA = YES;
				CLANG_WARN_CONSTANT_CONVERSION = YES;
				CLANG_WARN_DEPRECATED_OBJC_IMPLEMENTATIONS = YES;
				CLANG_WARN_DIRECT_OBJC_ISA_USAGE = YES_ERROR;
				CLANG_WARN_DOCUMENTATION_COMMENTS = YES;
				CLANG_WARN_EMPTY_BODY = YES;
				CLANG_WARN_ENUM_CONVERSION = YES;
				CLANG_WARN_INFINITE_RECURSION = YES;
				CLANG_WARN_INT_CONVERSION = YES;
				CLANG_WARN_NON_LITERAL_NULL_CONVERSION = YES;
				CLANG_WARN_OBJC_IMPLICIT_RETAIN_SELF = YES;
				CLANG_WARN_OBJC_LITERAL_CONVERSION = YES;
				CLANG_WARN_OBJC_ROOT_CLASS = YES_ERROR;
				CLANG_WARN_QUOTED_INCLUDE_IN_FRAMEWORK_HEADER = YES;
				CLANG_WARN_RANGE_LOOP_ANALYSIS = YES;
				CLANG_WARN_STRICT_PROTOTYPES = YES;
				CLANG_WARN_SUSPICIOUS_MOVE = YES;
				CLANG_WARN_UNGUARDED_AVAILABILITY = YES_AGGRESSIVE;
				CLANG_WARN_UNREACHABLE_CODE = YES;
				CLANG_WARN__DUPLICATE_METHOD_MATCH = YES;
				COPY_PHASE_STRIP = NO;
				DEBUG_INFORMATION_FORMAT = dwarf;
				ENABLE_STRICT_OBJC_MSGSEND = YES;
				ENABLE_TESTABILITY = YES;
				ENABLE_USER_SCRIPT_SANDBOXING = YES;
				GCC_C_LANGUAGE_STANDARD = gnu17;
				GCC_DYNAMIC_NO_PIC = NO;
				GCC_NO_COMMON_BLOCKS = YES;
				GCC_OPTIMIZATION_LEVEL = 0;
				GCC_PREPROCESSOR_DEFINITIONS = (
					"DEBUG=1",
					"$(inherited)",
				);
				GCC_WARN_64_TO_32_BIT_CONVERSION = YES;
				GCC_WARN_ABOUT_RETURN_TYPE = YES_ERROR;
				GCC_WARN_UNDECLARED_SELECTOR = YES;
				GCC_WARN_UNINITIALIZED_AUTOS = YES_AGGRESSIVE;
				GCC_WARN_UNUSED_FUNCTION = YES;
				GCC_WARN_UNUSED_VARIABLE = YES;
				IPHONEOS_DEPLOYMENT_TARGET = 17.4;
				LOCALIZATION_PREFERS_STRING_CATALOGS = YES;
				MTL_ENABLE_DEBUG_INFO = INCLUDE_SOURCE;
				MTL_FAST_MATH = YES;
				ONLY_ACTIVE_ARCH = YES;
				SDKROOT = iphoneos;
				SWIFT_ACTIVE_COMPILATION_CONDITIONS = "DEBUG $(inherited)";
				SWIFT_OPTIMIZATION_LEVEL = "-Onone";
			};
			name = Debug;
		};
		A98EA9E92BD94AA0000086A3 /* Release */ = {
			isa = XCBuildConfiguration;
			buildSettings = {
				ALWAYS_SEARCH_USER_PATHS = NO;
				ASSETCATALOG_COMPILER_GENERATE_SWIFT_ASSET_SYMBOL_EXTENSIONS = YES;
				CLANG_ANALYZER_NONNULL = YES;
				CLANG_ANALYZER_NUMBER_OBJECT_CONVERSION = YES_AGGRESSIVE;
				CLANG_CXX_LANGUAGE_STANDARD = "gnu++20";
				CLANG_ENABLE_MODULES = YES;
				CLANG_ENABLE_OBJC_ARC = YES;
				CLANG_ENABLE_OBJC_WEAK = YES;
				CLANG_WARN_BLOCK_CAPTURE_AUTORELEASING = YES;
				CLANG_WARN_BOOL_CONVERSION = YES;
				CLANG_WARN_COMMA = YES;
				CLANG_WARN_CONSTANT_CONVERSION = YES;
				CLANG_WARN_DEPRECATED_OBJC_IMPLEMENTATIONS = YES;
				CLANG_WARN_DIRECT_OBJC_ISA_USAGE = YES_ERROR;
				CLANG_WARN_DOCUMENTATION_COMMENTS = YES;
				CLANG_WARN_EMPTY_BODY = YES;
				CLANG_WARN_ENUM_CONVERSION = YES;
				CLANG_WARN_INFINITE_RECURSION = YES;
				CLANG_WARN_INT_CONVERSION = YES;
				CLANG_WARN_NON_LITERAL_NULL_CONVERSION = YES;
				CLANG_WARN_OBJC_IMPLICIT_RETAIN_SELF = YES;
				CLANG_WARN_OBJC_LITERAL_CONVERSION = YES;
				CLANG_WARN_OBJC_ROOT_CLASS = YES_ERROR;
				CLANG_WARN_QUOTED_INCLUDE_IN_FRAMEWORK_HEADER = YES;
				CLANG_WARN_RANGE_LOOP_ANALYSIS = YES;
				CLANG_WARN_STRICT_PROTOTYPES = YES;
				CLANG_WARN_SUSPICIOUS_MOVE = YES;
				CLANG_WARN_UNGUARDED_AVAILABILITY = YES_AGGRESSIVE;
				CLANG_WARN_UNREACHABLE_CODE = YES;
				CLANG_WARN__DUPLICATE_METHOD_MATCH = YES;
				COPY_PHASE_STRIP = NO;
				DEBUG_INFORMATION_FORMAT = "dwarf-with-dsym";
				ENABLE_NS_ASSERTIONS = NO;
				ENABLE_STRICT_OBJC_MSGSEND = YES;
				ENABLE_USER_SCRIPT_SANDBOXING = YES;
				GCC_C_LANGUAGE_STANDARD = gnu17;
				GCC_NO_COMMON_BLOCKS = YES;
				GCC_WARN_64_TO_32_BIT_CONVERSION = YES;
				GCC_WARN_ABOUT_RETURN_TYPE = YES_ERROR;
				GCC_WARN_UNDECLARED_SELECTOR = YES;
				GCC_WARN_UNINITIALIZED_AUTOS = YES_AGGRESSIVE;
				GCC_WARN_UNUSED_FUNCTION = YES;
				GCC_WARN_UNUSED_VARIABLE = YES;
				IPHONEOS_DEPLOYMENT_TARGET = 17.4;
				LOCALIZATION_PREFERS_STRING_CATALOGS = YES;
				MTL_ENABLE_DEBUG_INFO = NO;
				MTL_FAST_MATH = YES;
				SDKROOT = iphoneos;
				SWIFT_COMPILATION_MODE = wholemodule;
				VALIDATE_PRODUCT = YES;
			};
			name = Release;
		};
		A98EA9EB2BD94AA0000086A3 /* Debug */ = {
			isa = XCBuildConfiguration;
			buildSettings = {
				ASSETCATALOG_COMPILER_APPICON_NAME = AppIcon;
				ASSETCATALOG_COMPILER_GLOBAL_ACCENT_COLOR_NAME = AccentColor;
				CODE_SIGN_STYLE = Automatic;
				CURRENT_PROJECT_VERSION = 1;
				DEVELOPMENT_TEAM = EWUXMHAPLR;
				GENERATE_INFOPLIST_FILE = YES;
				INFOPLIST_FILE = APIProject/Info.plist;
				INFOPLIST_KEY_UIApplicationSupportsIndirectInputEvents = YES;
				INFOPLIST_KEY_UILaunchStoryboardName = LaunchScreen;
				INFOPLIST_KEY_UIMainStoryboardFile = Main;
				INFOPLIST_KEY_UISupportedInterfaceOrientations_iPad = "UIInterfaceOrientationPortrait UIInterfaceOrientationPortraitUpsideDown UIInterfaceOrientationLandscapeLeft UIInterfaceOrientationLandscapeRight";
				INFOPLIST_KEY_UISupportedInterfaceOrientations_iPhone = "UIInterfaceOrientationPortrait UIInterfaceOrientationLandscapeLeft UIInterfaceOrientationLandscapeRight";
				LD_RUNPATH_SEARCH_PATHS = (
					"$(inherited)",
					"@executable_path/Frameworks",
				);
				MARKETING_VERSION = 1.0;
				PRODUCT_BUNDLE_IDENTIFIER = com.jordanfraughton.APIProject;
				PRODUCT_NAME = "$(TARGET_NAME)";
				SWIFT_EMIT_LOC_STRINGS = YES;
				SWIFT_VERSION = 5.0;
				TARGETED_DEVICE_FAMILY = "1,2";
			};
			name = Debug;
		};
		A98EA9EC2BD94AA0000086A3 /* Release */ = {
			isa = XCBuildConfiguration;
			buildSettings = {
				ASSETCATALOG_COMPILER_APPICON_NAME = AppIcon;
				ASSETCATALOG_COMPILER_GLOBAL_ACCENT_COLOR_NAME = AccentColor;
				CODE_SIGN_STYLE = Automatic;
				CURRENT_PROJECT_VERSION = 1;
				DEVELOPMENT_TEAM = EWUXMHAPLR;
				GENERATE_INFOPLIST_FILE = YES;
				INFOPLIST_FILE = APIProject/Info.plist;
				INFOPLIST_KEY_UIApplicationSupportsIndirectInputEvents = YES;
				INFOPLIST_KEY_UILaunchStoryboardName = LaunchScreen;
				INFOPLIST_KEY_UIMainStoryboardFile = Main;
				INFOPLIST_KEY_UISupportedInterfaceOrientations_iPad = "UIInterfaceOrientationPortrait UIInterfaceOrientationPortraitUpsideDown UIInterfaceOrientationLandscapeLeft UIInterfaceOrientationLandscapeRight";
				INFOPLIST_KEY_UISupportedInterfaceOrientations_iPhone = "UIInterfaceOrientationPortrait UIInterfaceOrientationLandscapeLeft UIInterfaceOrientationLandscapeRight";
				LD_RUNPATH_SEARCH_PATHS = (
					"$(inherited)",
					"@executable_path/Frameworks",
				);
				MARKETING_VERSION = 1.0;
				PRODUCT_BUNDLE_IDENTIFIER = com.jordanfraughton.APIProject;
				PRODUCT_NAME = "$(TARGET_NAME)";
				SWIFT_EMIT_LOC_STRINGS = YES;
				SWIFT_VERSION = 5.0;
				TARGETED_DEVICE_FAMILY = "1,2";
			};
			name = Release;
		};
/* End XCBuildConfiguration section */

/* Begin XCConfigurationList section */
		A98EA9D12BD94A9F000086A3 /* Build configuration list for PBXProject "APIProject" */ = {
			isa = XCConfigurationList;
			buildConfigurations = (
				A98EA9E82BD94AA0000086A3 /* Debug */,
				A98EA9E92BD94AA0000086A3 /* Release */,
			);
			defaultConfigurationIsVisible = 0;
			defaultConfigurationName = Release;
		};
		A98EA9EA2BD94AA0000086A3 /* Build configuration list for PBXNativeTarget "APIProject" */ = {
			isa = XCConfigurationList;
			buildConfigurations = (
				A98EA9EB2BD94AA0000086A3 /* Debug */,
				A98EA9EC2BD94AA0000086A3 /* Release */,
			);
			defaultConfigurationIsVisible = 0;
			defaultConfigurationName = Release;
		};
/* End XCConfigurationList section */
	};
	rootObject = A98EA9CE2BD94A9F000086A3 /* Project object */;
}
